
Microsoft Visual Studio Solution File, Format Version 11.00
# Visual Studio 2010
Project("{FAE04EC0-301F-11D3-BF4B-00C04F79EFBC}") = "FBI Studio", "FBI Studio\FBI Studio.csproj", "{78ECEAC2-72EC-4684-8232-F3FB8244C2F4}"
EndProject
Project("{FAE04EC0-301F-11D3-BF4B-00C04F79EFBC}") = "ImageFormatConvertor", "FBI ImageFormatConvertor\ImageFormatConvertor.csproj", "{AC375A65-65CB-405B-A2E3-3EA126705F96}"
	ProjectSection(ProjectDependencies) = postProject
		{D4A18DE6-4AF8-4E34-B8D9-039C0FDBA7A3} = {D4A18DE6-4AF8-4E34-B8D9-039C0FDBA7A3}
	EndProjectSection
EndProject
Project("{FAE04EC0-301F-11D3-BF4B-00C04F79EFBC}") = "Focus", "FocusRmbApi\Focus.csproj", "{3A6206CF-C405-49B9-8BFF-FBEF62D84E21}"
EndProject
Project("{8BC9CEB8-8B4A-11D0-8D11-00A0C91BC942}") = "DM642_IMAGE_PREPROCESS", "DM642_IMAGE_PREPROCESS\DM642_IMAGE_PREPROCESS.vcxproj", "{D4A18DE6-4AF8-4E34-B8D9-039C0FDBA7A3}"
EndProject
Project("{8BC9CEB8-8B4A-11D0-8D11-00A0C91BC942}") = "C54XX_IMAGE_PREPROCESS", "C54XX_IMAGE_PREPROCESS\C54XX_IMAGE_PREPROCESS.vcxproj", "{926C5DB2-8477-4D60-BCEE-3E7CE3498792}"
EndProject
Global
	GlobalSection(SolutionConfigurationPlatforms) = preSolution
		Debug|Any CPU = Debug|Any CPU
		Debug|Mixed Platforms = Debug|Mixed Platforms
		Debug|Win32 = Debug|Win32
		Debug|x86 = Debug|x86
		Release|Any CPU = Release|Any CPU
		Release|Mixed Platforms = Release|Mixed Platforms
		Release|Win32 = Release|Win32
		Release|x86 = Release|x86
	EndGlobalSection
	GlobalSection(ProjectConfigurationPlatforms) = postSolution
		{78ECEAC2-72EC-4684-8232-F3FB8244C2F4}.Debug|Any CPU.ActiveCfg = Debug|x86
		{78ECEAC2-72EC-4684-8232-F3FB8244C2F4}.Debug|Mixed Platforms.ActiveCfg = Debug|x86
		{78ECEAC2-72EC-4684-8232-F3FB8244C2F4}.Debug|Mixed Platforms.Build.0 = Debug|x86
		{78ECEAC2-72EC-4684-8232-F3FB8244C2F4}.Debug|Win32.ActiveCfg = Debug|x86
		{78ECEAC2-72EC-4684-8232-F3FB8244C2F4}.Debug|x86.ActiveCfg = Debug|x86
		{78ECEAC2-72EC-4684-8232-F3FB8244C2F4}.Debug|x86.Build.0 = Debug|x86
		{78ECEAC2-72EC-4684-8232-F3FB8244C2F4}.Release|Any CPU.ActiveCfg = Release|x86
		{78ECEAC2-72EC-4684-8232-F3FB8244C2F4}.Release|Mixed Platforms.ActiveCfg = Release|x86
		{78ECEAC2-72EC-4684-8232-F3FB8244C2F4}.Release|Mixed Platforms.Build.0 = Release|x86
		{78ECEAC2-72EC-4684-8232-F3FB8244C2F4}.Release|Win32.ActiveCfg = Release|x86
		{78ECEAC2-72EC-4684-8232-F3FB8244C2F4}.Release|x86.ActiveCfg = Release|x86
		{78ECEAC2-72EC-4684-8232-F3FB8244C2F4}.Release|x86.Build.0 = Release|x86
		{AC375A65-65CB-405B-A2E3-3EA126705F96}.Debug|Any CPU.ActiveCfg = Debug|x86
		{AC375A65-65CB-405B-A2E3-3EA126705F96}.Debug|Mixed Platforms.ActiveCfg = Debug|x86
		{AC375A65-65CB-405B-A2E3-3EA126705F96}.Debug|Mixed Platforms.Build.0 = Debug|x86
		{AC375A65-65CB-405B-A2E3-3EA126705F96}.Debug|Win32.ActiveCfg = Debug|x86
		{AC375A65-65CB-405B-A2E3-3EA126705F96}.Debug|x86.ActiveCfg = Debug|x86
		{AC375A65-65CB-405B-A2E3-3EA126705F96}.Debug|x86.Build.0 = Debug|x86
		{AC375A65-65CB-405B-A2E3-3EA126705F96}.Release|Any CPU.ActiveCfg = Release|x86
		{AC375A65-65CB-405B-A2E3-3EA126705F96}.Release|Mixed Platforms.ActiveCfg = Release|x86
		{AC375A65-65CB-405B-A2E3-3EA126705F96}.Release|Mixed Platforms.Build.0 = Release|x86
		{AC375A65-65CB-405B-A2E3-3EA126705F96}.Release|Win32.ActiveCfg = Release|x86
		{AC375A65-65CB-405B-A2E3-3EA126705F96}.Release|x86.ActiveCfg = Release|x86
		{AC375A65-65CB-405B-A2E3-3EA126705F96}.Release|x86.Build.0 = Release|x86
		{3A6206CF-C405-49B9-8BFF-FBEF62D84E21}.Debug|Any CPU.ActiveCfg = Debug|Any CPU
		{3A6206CF-C405-49B9-8BFF-FBEF62D84E21}.Debug|Any CPU.Build.0 = Debug|Any CPU
		{3A6206CF-C405-49B9-8BFF-FBEF62D84E21}.Debug|Mixed Platforms.ActiveCfg = Debug|Any CPU
		{3A6206CF-C405-49B9-8BFF-FBEF62D84E21}.Debug|Mixed Platforms.Build.0 = Debug|Any CPU
		{3A6206CF-C405-49B9-8BFF-FBEF62D84E21}.Debug|Win32.ActiveCfg = Debug|Any CPU
		{3A6206CF-C405-49B9-8BFF-FBEF62D84E21}.Debug|x86.ActiveCfg = Debug|Any CPU
		{3A6206CF-C405-49B9-8BFF-FBEF62D84E21}.Release|Any CPU.ActiveCfg = Release|Any CPU
		{3A6206CF-C405-49B9-8BFF-FBEF62D84E21}.Release|Any CPU.Build.0 = Release|Any CPU
		{3A6206CF-C405-49B9-8BFF-FBEF62D84E21}.Release|Mixed Platforms.ActiveCfg = Release|Any CPU
		{3A6206CF-C405-49B9-8BFF-FBEF62D84E21}.Release|Mixed Platforms.Build.0 = Release|Any CPU
		{3A6206CF-C405-49B9-8BFF-FBEF62D84E21}.Release|Win32.ActiveCfg = Release|Any CPU
		{3A6206CF-C405-49B9-8BFF-FBEF62D84E21}.Release|x86.ActiveCfg = Release|Any CPU
		{D4A18DE6-4AF8-4E34-B8D9-039C0FDBA7A3}.Debug|Any CPU.ActiveCfg = Debug|Win32
		{D4A18DE6-4AF8-4E34-B8D9-039C0FDBA7A3}.Debug|Mixed Platforms.ActiveCfg = Debug|Win32
		{D4A18DE6-4AF8-4E34-B8D9-039C0FDBA7A3}.Debug|Mixed Platforms.Build.0 = Debug|Win32
		{D4A18DE6-4AF8-4E34-B8D9-039C0FDBA7A3}.Debug|Win32.ActiveCfg = Debug|Win32
		{D4A18DE6-4AF8-4E34-B8D9-039C0FDBA7A3}.Debug|Win32.Build.0 = Debug|Win32
		{D4A18DE6-4AF8-4E34-B8D9-039C0FDBA7A3}.Debug|x86.ActiveCfg = Debug|Win32
		{D4A18DE6-4AF8-4E34-B8D9-039C0FDBA7A3}.Release|Any CPU.ActiveCfg = Release|Win32
		{D4A18DE6-4AF8-4E34-B8D9-039C0FDBA7A3}.Release|Mixed Platforms.ActiveCfg = Release|Win32
		{D4A18DE6-4AF8-4E34-B8D9-039C0FDBA7A3}.Release|Mixed Platforms.Build.0 = Release|Win32
		{D4A18DE6-4AF8-4E34-B8D9-039C0FDBA7A3}.Release|Win32.ActiveCfg = Release|Win32
		{D4A18DE6-4AF8-4E34-B8D9-039C0FDBA7A3}.Release|Win32.Build.0 = Release|Win32
		{D4A18DE6-4AF8-4E34-B8D9-039C0FDBA7A3}.Release|x86.ActiveCfg = Release|Win32
		{926C5DB2-8477-4D60-BCEE-3E7CE3498792}.Debug|Any CPU.ActiveCfg = Debug|Win32
		{926C5DB2-8477-4D60-BCEE-3E7CE3498792}.Debug|Mixed Platforms.ActiveCfg = Debug|Win32
		{926C5DB2-8477-4D60-BCEE-3E7CE3498792}.Debug|Mixed Platforms.Build.0 = Debug|Win32
		{926C5DB2-8477-4D60-BCEE-3E7CE3498792}.Debug|Win32.ActiveCfg = Debug|Win32
		{926C5DB2-8477-4D60-BCEE-3E7CE3498792}.Debug|Win32.Build.0 = Debug|Win32
		{926C5DB2-8477-4D60-BCEE-3E7CE3498792}.Debug|x86.ActiveCfg = Debug|Win32
		{926C5DB2-8477-4D60-BCEE-3E7CE3498792}.Release|Any CPU.ActiveCfg = Release|Win32
		{926C5DB2-8477-4D60-BCEE-3E7CE3498792}.Release|Mixed Platforms.ActiveCfg = Release|Win32
		{926C5DB2-8477-4D60-BCEE-3E7CE3498792}.Release|Mixed Platforms.Build.0 = Release|Win32
		{926C5DB2-8477-4D60-BCEE-3E7CE3498792}.Release|Win32.ActiveCfg = Release|Win32
		{926C5DB2-8477-4D60-BCEE-3E7CE3498792}.Release|Win32.Build.0 = Release|Win32
		{926C5DB2-8477-4D60-BCEE-3E7CE3498792}.Release|x86.ActiveCfg = Release|Win32
	EndGlobalSection
	GlobalSection(SolutionProperties) = preSolution
		HideSolutionNode = FALSE
	EndGlobalSection
EndGlobal
